// !$*UTF8*$!
{
	archiveVersion = 1;
	classes = {
	};
	objectVersion = 56;
	objects = {

/* Begin PBXBuildFile section */
		74D175FD290AD39000D0F9DA /* DemoApp.swift in Sources */ = {isa = PBXBuildFile; fileRef = 74D175FC290AD39000D0F9DA /* DemoApp.swift */; };
		74D175FF290AD39000D0F9DA /* ContentView.swift in Sources */ = {isa = PBXBuildFile; fileRef = 74D175FE290AD39000D0F9DA /* ContentView.swift */; };
		74D17601290AD39100D0F9DA /* Assets.xcassets in Resources */ = {isa = PBXBuildFile; fileRef = 74D17600290AD39100D0F9DA /* Assets.xcassets */; };
		74D17604290AD39100D0F9DA /* Preview Assets.xcassets in Resources */ = {isa = PBXBuildFile; fileRef = 74D17603290AD39100D0F9DA /* Preview Assets.xcassets */; };
		74D1760E290AD39100D0F9DA /* DemoTests.swift in Sources */ = {isa = PBXBuildFile; fileRef = 74D1760D290AD39100D0F9DA /* DemoTests.swift */; };
		74D1762B290AD75800D0F9DA /* DemoService.swift in Sources */ = {isa = PBXBuildFile; fileRef = 74D1762A290AD75800D0F9DA /* DemoService.swift */; };
		74D1762E290AD80000D0F9DA /* Voyager in Frameworks */ = {isa = PBXBuildFile; productRef = 74D1762D290AD80000D0F9DA /* Voyager */; };
		74D17632290BC80800D0F9DA /* MockedService.swift in Sources */ = {isa = PBXBuildFile; fileRef = 74D17631290BC80800D0F9DA /* MockedService.swift */; };
		74D17635290BD32F00D0F9DA /* HTTPBinService.swift in Sources */ = {isa = PBXBuildFile; fileRef = 74D17634290BD32F00D0F9DA /* HTTPBinService.swift */; };
		74D17637290BD34C00D0F9DA /* HTTPBinGetService.swift in Sources */ = {isa = PBXBuildFile; fileRef = 74D17636290BD34C00D0F9DA /* HTTPBinGetService.swift */; };
		74D17639290BD3A000D0F9DA /* HTTPBinPutAnythingService.swift in Sources */ = {isa = PBXBuildFile; fileRef = 74D17638290BD3A000D0F9DA /* HTTPBinPutAnythingService.swift */; };
/* End PBXBuildFile section */

/* Begin PBXContainerItemProxy section */
		74D1760A290AD39100D0F9DA /* PBXContainerItemProxy */ = {
			isa = PBXContainerItemProxy;
			containerPortal = 74D175F1290AD39000D0F9DA /* Project object */;
			proxyType = 1;
			remoteGlobalIDString = 74D175F8290AD39000D0F9DA;
			remoteInfo = Demo;
		};
/* End PBXContainerItemProxy section */

/* Begin PBXFileReference section */
		74D175F9290AD39000D0F9DA /* Demo.app */ = {isa = PBXFileReference; explicitFileType = wrapper.application; includeInIndex = 0; path = Demo.app; sourceTree = BUILT_PRODUCTS_DIR; };
		74D175FC290AD39000D0F9DA /* DemoApp.swift */ = {isa = PBXFileReference; lastKnownFileType = sourcecode.swift; path = DemoApp.swift; sourceTree = "<group>"; };
		74D175FE290AD39000D0F9DA /* ContentView.swift */ = {isa = PBXFileReference; lastKnownFileType = sourcecode.swift; path = ContentView.swift; sourceTree = "<group>"; };
		74D17600290AD39100D0F9DA /* Assets.xcassets */ = {isa = PBXFileReference; lastKnownFileType = folder.assetcatalog; path = Assets.xcassets; sourceTree = "<group>"; };
		74D17603290AD39100D0F9DA /* Preview Assets.xcassets */ = {isa = PBXFileReference; lastKnownFileType = folder.assetcatalog; path = "Preview Assets.xcassets"; sourceTree = "<group>"; };
		74D17609290AD39100D0F9DA /* DemoTests.xctest */ = {isa = PBXFileReference; explicitFileType = wrapper.cfbundle; includeInIndex = 0; path = DemoTests.xctest; sourceTree = BUILT_PRODUCTS_DIR; };
		74D1760D290AD39100D0F9DA /* DemoTests.swift */ = {isa = PBXFileReference; lastKnownFileType = sourcecode.swift; path = DemoTests.swift; sourceTree = "<group>"; };
		74D17629290AD3E100D0F9DA /* Voyager */ = {isa = PBXFileReference; lastKnownFileType = wrapper; name = Voyager; path = ..; sourceTree = "<group>"; };
		74D1762A290AD75800D0F9DA /* DemoService.swift */ = {isa = PBXFileReference; lastKnownFileType = sourcecode.swift; path = DemoService.swift; sourceTree = "<group>"; };
		74D17631290BC80800D0F9DA /* MockedService.swift */ = {isa = PBXFileReference; lastKnownFileType = sourcecode.swift; path = MockedService.swift; sourceTree = "<group>"; };
		74D17634290BD32F00D0F9DA /* HTTPBinService.swift */ = {isa = PBXFileReference; lastKnownFileType = sourcecode.swift; path = HTTPBinService.swift; sourceTree = "<group>"; };
		74D17636290BD34C00D0F9DA /* HTTPBinGetService.swift */ = {isa = PBXFileReference; lastKnownFileType = sourcecode.swift; path = HTTPBinGetService.swift; sourceTree = "<group>"; };
		74D17638290BD3A000D0F9DA /* HTTPBinPutAnythingService.swift */ = {isa = PBXFileReference; lastKnownFileType = sourcecode.swift; path = HTTPBinPutAnythingService.swift; sourceTree = "<group>"; };
/* End PBXFileReference section */

/* Begin PBXFrameworksBuildPhase section */
		74D175F6290AD39000D0F9DA /* Frameworks */ = {
			isa = PBXFrameworksBuildPhase;
			buildActionMask = 2147483647;
			files = (
				74D1762E290AD80000D0F9DA /* Voyager in Frameworks */,
			);
			runOnlyForDeploymentPostprocessing = 0;
		};
		74D17606290AD39100D0F9DA /* Frameworks */ = {
			isa = PBXFrameworksBuildPhase;
			buildActionMask = 2147483647;
			files = (
			);
			runOnlyForDeploymentPostprocessing = 0;
		};
/* End PBXFrameworksBuildPhase section */

/* Begin PBXGroup section */
		74D175F0290AD39000D0F9DA = {
			isa = PBXGroup;
			children = (
				74D17628290AD3E100D0F9DA /* Packages */,
				74D175FB290AD39000D0F9DA /* Demo */,
				74D1760C290AD39100D0F9DA /* DemoTests */,
				74D175FA290AD39000D0F9DA /* Products */,
				74D1762C290AD80000D0F9DA /* Frameworks */,
			);
			sourceTree = "<group>";
		};
		74D175FA290AD39000D0F9DA /* Products */ = {
			isa = PBXGroup;
			children = (
				74D175F9290AD39000D0F9DA /* Demo.app */,
				74D17609290AD39100D0F9DA /* DemoTests.xctest */,
			);
			name = Products;
			sourceTree = "<group>";
		};
		74D175FB290AD39000D0F9DA /* Demo */ = {
			isa = PBXGroup;
			children = (
				74D175FC290AD39000D0F9DA /* DemoApp.swift */,
				74D175FE290AD39000D0F9DA /* ContentView.swift */,
				74D1762A290AD75800D0F9DA /* DemoService.swift */,
				74D17633290BD31E00D0F9DA /* Services */,
				74D17631290BC80800D0F9DA /* MockedService.swift */,
				74D17600290AD39100D0F9DA /* Assets.xcassets */,
				74D17602290AD39100D0F9DA /* Preview Content */,
			);
			path = Demo;
			sourceTree = "<group>";
		};
		74D17602290AD39100D0F9DA /* Preview Content */ = {
			isa = PBXGroup;
			children = (
				74D17603290AD39100D0F9DA /* Preview Assets.xcassets */,
			);
			path = "Preview Content";
			sourceTree = "<group>";
		};
		74D1760C290AD39100D0F9DA /* DemoTests */ = {
			isa = PBXGroup;
			children = (
				74D1760D290AD39100D0F9DA /* DemoTests.swift */,
			);
			path = DemoTests;
			sourceTree = "<group>";
		};
		74D17628290AD3E100D0F9DA /* Packages */ = {
			isa = PBXGroup;
			children = (
				74D17629290AD3E100D0F9DA /* Voyager */,
			);
			name = Packages;
			sourceTree = "<group>";
		};
		74D1762C290AD80000D0F9DA /* Frameworks */ = {
			isa = PBXGroup;
			children = (
			);
			name = Frameworks;
			sourceTree = "<group>";
		};
		74D17633290BD31E00D0F9DA /* Services */ = {
			isa = PBXGroup;
			children = (
				74D17634290BD32F00D0F9DA /* HTTPBinService.swift */,
				74D17636290BD34C00D0F9DA /* HTTPBinGetService.swift */,
				74D17638290BD3A000D0F9DA /* HTTPBinPutAnythingService.swift */,
			);
			path = Services;
			sourceTree = "<group>";
		};
/* End PBXGroup section */

/* Begin PBXNativeTarget section */
		74D175F8290AD39000D0F9DA /* Demo */ = {
			isa = PBXNativeTarget;
			buildConfigurationList = 74D1761D290AD39100D0F9DA /* Build configuration list for PBXNativeTarget "Demo" */;
			buildPhases = (
				74D175F5290AD39000D0F9DA /* Sources */,
				74D175F6290AD39000D0F9DA /* Frameworks */,
				74D175F7290AD39000D0F9DA /* Resources */,
			);
			buildRules = (
			);
			dependencies = (
			);
			name = Demo;
			packageProductDependencies = (
				74D1762D290AD80000D0F9DA /* Voyager */,
			);
			productName = Demo;
			productReference = 74D175F9290AD39000D0F9DA /* Demo.app */;
			productType = "com.apple.product-type.application";
		};
		74D17608290AD39100D0F9DA /* DemoTests */ = {
			isa = PBXNativeTarget;
			buildConfigurationList = 74D17620290AD39100D0F9DA /* Build configuration list for PBXNativeTarget "DemoTests" */;
			buildPhases = (
				74D17605290AD39100D0F9DA /* Sources */,
				74D17606290AD39100D0F9DA /* Frameworks */,
				74D17607290AD39100D0F9DA /* Resources */,
			);
			buildRules = (
			);
			dependencies = (
				74D1760B290AD39100D0F9DA /* PBXTargetDependency */,
			);
			name = DemoTests;
			productName = DemoTests;
			productReference = 74D17609290AD39100D0F9DA /* DemoTests.xctest */;
			productType = "com.apple.product-type.bundle.unit-test";
		};
/* End PBXNativeTarget section */

/* Begin PBXProject section */
		74D175F1290AD39000D0F9DA /* Project object */ = {
			isa = PBXProject;
			attributes = {
				BuildIndependentTargetsInParallel = 1;
				LastSwiftUpdateCheck = 1400;
				LastUpgradeCheck = 1400;
				TargetAttributes = {
					74D175F8290AD39000D0F9DA = {
						CreatedOnToolsVersion = 14.0;
					};
					74D17608290AD39100D0F9DA = {
						CreatedOnToolsVersion = 14.0;
						TestTargetID = 74D175F8290AD39000D0F9DA;
					};
				};
			};
			buildConfigurationList = 74D175F4290AD39000D0F9DA /* Build configuration list for PBXProject "Demo" */;
			compatibilityVersion = "Xcode 14.0";
			developmentRegion = en;
			hasScannedForEncodings = 0;
			knownRegions = (
				en,
				Base,
			);
			mainGroup = 74D175F0290AD39000D0F9DA;
			productRefGroup = 74D175FA290AD39000D0F9DA /* Products */;
			projectDirPath = "";
			projectRoot = "";
			targets = (
				74D175F8290AD39000D0F9DA /* Demo */,
				74D17608290AD39100D0F9DA /* DemoTests */,
			);
		};
/* End PBXProject section */

/* Begin PBXResourcesBuildPhase section */
		74D175F7290AD39000D0F9DA /* Resources */ = {
			isa = PBXResourcesBuildPhase;
			buildActionMask = 2147483647;
			files = (
				74D17604290AD39100D0F9DA /* Preview Assets.xcassets in Resources */,
				74D17601290AD39100D0F9DA /* Assets.xcassets in Resources */,
			);
			runOnlyForDeploymentPostprocessing = 0;
		};
		74D17607290AD39100D0F9DA /* Resources */ = {
			isa = PBXResourcesBuildPhase;
			buildActionMask = 2147483647;
			files = (
			);
			runOnlyForDeploymentPostprocessing = 0;
		};
/* End PBXResourcesBuildPhase section */

/* Begin PBXSourcesBuildPhase section */
		74D175F5290AD39000D0F9DA /* Sources */ = {
			isa = PBXSourcesBuildPhase;
			buildActionMask = 2147483647;
			files = (
				74D17637290BD34C00D0F9DA /* HTTPBinGetService.swift in Sources */,
				74D17635290BD32F00D0F9DA /* HTTPBinService.swift in Sources */,
				74D17639290BD3A000D0F9DA /* HTTPBinPutAnythingService.swift in Sources */,
				74D175FF290AD39000D0F9DA /* ContentView.swift in Sources */,
				74D1762B290AD75800D0F9DA /* DemoService.swift in Sources */,
				74D17632290BC80800D0F9DA /* MockedService.swift in Sources */,
				74D175FD290AD39000D0F9DA /* DemoApp.swift in Sources */,
			);
			runOnlyForDeploymentPostprocessing = 0;
		};
		74D17605290AD39100D0F9DA /* Sources */ = {
			isa = PBXSourcesBuildPhase;
			buildActionMask = 2147483647;
			files = (
				74D1760E290AD39100D0F9DA /* DemoTests.swift in Sources */,
			);
			runOnlyForDeploymentPostprocessing = 0;
		};
/* End PBXSourcesBuildPhase section */

/* Begin PBXTargetDependency section */
		74D1760B290AD39100D0F9DA /* PBXTargetDependency */ = {
			isa = PBXTargetDependency;
			target = 74D175F8290AD39000D0F9DA /* Demo */;
			targetProxy = 74D1760A290AD39100D0F9DA /* PBXContainerItemProxy */;
		};
/* End PBXTargetDependency section */

/* Begin XCBuildConfiguration section */
		74D1761B290AD39100D0F9DA /* Debug */ = {
			isa = XCBuildConfiguration;
			buildSettings = {
				ALWAYS_SEARCH_USER_PATHS = NO;
				CLANG_ANALYZER_NONNULL = YES;
				CLANG_ANALYZER_NUMBER_OBJECT_CONVERSION = YES_AGGRESSIVE;
				CLANG_CXX_LANGUAGE_STANDARD = "gnu++20";
				CLANG_ENABLE_MODULES = YES;
				CLANG_ENABLE_OBJC_ARC = YES;
				CLANG_ENABLE_OBJC_WEAK = YES;
				CLANG_WARN_BLOCK_CAPTURE_AUTORELEASING = YES;
				CLANG_WARN_BOOL_CONVERSION = YES;
				CLANG_WARN_COMMA = YES;
				CLANG_WARN_CONSTANT_CONVERSION = YES;
				CLANG_WARN_DEPRECATED_OBJC_IMPLEMENTATIONS = YES;
				CLANG_WARN_DIRECT_OBJC_ISA_USAGE = YES_ERROR;
				CLANG_WARN_DOCUMENTATION_COMMENTS = YES;
				CLANG_WARN_EMPTY_BODY = YES;
				CLANG_WARN_ENUM_CONVERSION = YES;
				CLANG_WARN_INFINITE_RECURSION = YES;
				CLANG_WARN_INT_CONVERSION = YES;
				CLANG_WARN_NON_LITERAL_NULL_CONVERSION = YES;
				CLANG_WARN_OBJC_IMPLICIT_RETAIN_SELF = YES;
				CLANG_WARN_OBJC_LITERAL_CONVERSION = YES;
				CLANG_WARN_OBJC_ROOT_CLASS = YES_ERROR;
				CLANG_WARN_QUOTED_INCLUDE_IN_FRAMEWORK_HEADER = YES;
				CLANG_WARN_RANGE_LOOP_ANALYSIS = YES;
				CLANG_WARN_STRICT_PROTOTYPES = YES;
				CLANG_WARN_SUSPICIOUS_MOVE = YES;
				CLANG_WARN_UNGUARDED_AVAILABILITY = YES_AGGRESSIVE;
				CLANG_WARN_UNREACHABLE_CODE = YES;
				CLANG_WARN__DUPLICATE_METHOD_MATCH = YES;
				COPY_PHASE_STRIP = NO;
				DEBUG_INFORMATION_FORMAT = dwarf;
				ENABLE_STRICT_OBJC_MSGSEND = YES;
				ENABLE_TESTABILITY = YES;
				GCC_C_LANGUAGE_STANDARD = gnu11;
				GCC_DYNAMIC_NO_PIC = NO;
				GCC_NO_COMMON_BLOCKS = YES;
				GCC_OPTIMIZATION_LEVEL = 0;
				GCC_PREPROCESSOR_DEFINITIONS = (
					"DEBUG=1",
					"$(inherited)",
				);
				GCC_WARN_64_TO_32_BIT_CONVERSION = YES;
				GCC_WARN_ABOUT_RETURN_TYPE = YES_ERROR;
				GCC_WARN_UNDECLARED_SELECTOR = YES;
				GCC_WARN_UNINITIALIZED_AUTOS = YES_AGGRESSIVE;
				GCC_WARN_UNUSED_FUNCTION = YES;
				GCC_WARN_UNUSED_VARIABLE = YES;
				IPHONEOS_DEPLOYMENT_TARGET = 16.0;
				MTL_ENABLE_DEBUG_INFO = INCLUDE_SOURCE;
				MTL_FAST_MATH = YES;
				ONLY_ACTIVE_ARCH = YES;
				SDKROOT = iphoneos;
				SWIFT_ACTIVE_COMPILATION_CONDITIONS = DEBUG;
				SWIFT_OPTIMIZATION_LEVEL = "-Onone";
			};
			name = Debug;
		};
		74D1761C290AD39100D0F9DA /* Release */ = {
			isa = XCBuildConfiguration;
			buildSettings = {
				ALWAYS_SEARCH_USER_PATHS = NO;
				CLANG_ANALYZER_NONNULL = YES;
				CLANG_ANALYZER_NUMBER_OBJECT_CONVERSION = YES_AGGRESSIVE;
				CLANG_CXX_LANGUAGE_STANDARD = "gnu++20";
				CLANG_ENABLE_MODULES = YES;
				CLANG_ENABLE_OBJC_ARC = YES;
				CLANG_ENABLE_OBJC_WEAK = YES;
				CLANG_WARN_BLOCK_CAPTURE_AUTORELEASING = YES;
				CLANG_WARN_BOOL_CONVERSION = YES;
				CLANG_WARN_COMMA = YES;
				CLANG_WARN_CONSTANT_CONVERSION = YES;
				CLANG_WARN_DEPRECATED_OBJC_IMPLEMENTATIONS = YES;
				CLANG_WARN_DIRECT_OBJC_ISA_USAGE = YES_ERROR;
				CLANG_WARN_DOCUMENTATION_COMMENTS = YES;
				CLANG_WARN_EMPTY_BODY = YES;
				CLANG_WARN_ENUM_CONVERSION = YES;
				CLANG_WARN_INFINITE_RECURSION = YES;
				CLANG_WARN_INT_CONVERSION = YES;
				CLANG_WARN_NON_LITERAL_NULL_CONVERSION = YES;
				CLANG_WARN_OBJC_IMPLICIT_RETAIN_SELF = YES;
				CLANG_WARN_OBJC_LITERAL_CONVERSION = YES;
				CLANG_WARN_OBJC_ROOT_CLASS = YES_ERROR;
				CLANG_WARN_QUOTED_INCLUDE_IN_FRAMEWORK_HEADER = YES;
				CLANG_WARN_RANGE_LOOP_ANALYSIS = YES;
				CLANG_WARN_STRICT_PROTOTYPES = YES;
				CLANG_WARN_SUSPICIOUS_MOVE = YES;
				CLANG_WARN_UNGUARDED_AVAILABILITY = YES_AGGRESSIVE;
				CLANG_WARN_UNREACHABLE_CODE = YES;
				CLANG_WARN__DUPLICATE_METHOD_MATCH = YES;
				COPY_PHASE_STRIP = NO;
				DEBUG_INFORMATION_FORMAT = "dwarf-with-dsym";
				ENABLE_NS_ASSERTIONS = NO;
				ENABLE_STRICT_OBJC_MSGSEND = YES;
				GCC_C_LANGUAGE_STANDARD = gnu11;
				GCC_NO_COMMON_BLOCKS = YES;
				GCC_WARN_64_TO_32_BIT_CONVERSION = YES;
				GCC_WARN_ABOUT_RETURN_TYPE = YES_ERROR;
				GCC_WARN_UNDECLARED_SELECTOR = YES;
				GCC_WARN_UNINITIALIZED_AUTOS = YES_AGGRESSIVE;
				GCC_WARN_UNUSED_FUNCTION = YES;
				GCC_WARN_UNUSED_VARIABLE = YES;
				IPHONEOS_DEPLOYMENT_TARGET = 16.0;
				MTL_ENABLE_DEBUG_INFO = NO;
				MTL_FAST_MATH = YES;
				SDKROOT = iphoneos;
				SWIFT_COMPILATION_MODE = wholemodule;
				SWIFT_OPTIMIZATION_LEVEL = "-O";
				VALIDATE_PRODUCT = YES;
			};
			name = Release;
		};
		74D1761E290AD39100D0F9DA /* Debug */ = {
			isa = XCBuildConfiguration;
			buildSettings = {
				ASSETCATALOG_COMPILER_APPICON_NAME = AppIcon;
				ASSETCATALOG_COMPILER_GLOBAL_ACCENT_COLOR_NAME = AccentColor;
				CODE_SIGN_STYLE = Automatic;
				CURRENT_PROJECT_VERSION = 1;
				DEVELOPMENT_ASSET_PATHS = "\"Demo/Preview Content\"";
				DEVELOPMENT_TEAM = 4GU7B3B7LS;
				ENABLE_PREVIEWS = YES;
				GENERATE_INFOPLIST_FILE = YES;
				INFOPLIST_KEY_UIApplicationSceneManifest_Generation = YES;
				INFOPLIST_KEY_UIApplicationSupportsIndirectInputEvents = YES;
				INFOPLIST_KEY_UILaunchScreen_Generation = YES;
				INFOPLIST_KEY_UISupportedInterfaceOrientations_iPad = "UIInterfaceOrientationPortrait UIInterfaceOrientationPortraitUpsideDown UIInterfaceOrientationLandscapeLeft UIInterfaceOrientationLandscapeRight";
				INFOPLIST_KEY_UISupportedInterfaceOrientations_iPhone = "UIInterfaceOrientationPortrait UIInterfaceOrientationLandscapeLeft UIInterfaceOrientationLandscapeRight";
				LD_RUNPATH_SEARCH_PATHS = (
					"$(inherited)",
					"@executable_path/Frameworks",
				);
				MARKETING_VERSION = 1.0;
				PRODUCT_BUNDLE_IDENTIFIER = com.neatorobotics.Voyager.Demo;
				PRODUCT_NAME = "$(TARGET_NAME)";
				SWIFT_EMIT_LOC_STRINGS = YES;
				SWIFT_VERSION = 5.0;
				TARGETED_DEVICE_FAMILY = "1,2";
			};
			name = Debug;
		};
		74D1761F290AD39100D0F9DA /* Release */ = {
			isa = XCBuildConfiguration;
			buildSettings = {
				ASSETCATALOG_COMPILER_APPICON_NAME = AppIcon;
				ASSETCATALOG_COMPILER_GLOBAL_ACCENT_COLOR_NAME = AccentColor;
				CODE_SIGN_STYLE = Automatic;
				CURRENT_PROJECT_VERSION = 1;
				DEVELOPMENT_ASSET_PATHS = "\"Demo/Preview Content\"";
				DEVELOPMENT_TEAM = 4GU7B3B7LS;
				ENABLE_PREVIEWS = YES;
				GENERATE_INFOPLIST_FILE = YES;
				INFOPLIST_KEY_UIApplicationSceneManifest_Generation = YES;
				INFOPLIST_KEY_UIApplicationSupportsIndirectInputEvents = YES;
				INFOPLIST_KEY_UILaunchScreen_Generation = YES;
				INFOPLIST_KEY_UISupportedInterfaceOrientations_iPad = "UIInterfaceOrientationPortrait UIInterfaceOrientationPortraitUpsideDown UIInterfaceOrientationLandscapeLeft UIInterfaceOrientationLandscapeRight";
				INFOPLIST_KEY_UISupportedInterfaceOrientations_iPhone = "UIInterfaceOrientationPortrait UIInterfaceOrientationLandscapeLeft UIInterfaceOrientationLandscapeRight";
				LD_RUNPATH_SEARCH_PATHS = (
					"$(inherited)",
					"@executable_path/Frameworks",
				);
				MARKETING_VERSION = 1.0;
				PRODUCT_BUNDLE_IDENTIFIER = com.neatorobotics.Voyager.Demo;
				PRODUCT_NAME = "$(TARGET_NAME)";
				SWIFT_EMIT_LOC_STRINGS = YES;
				SWIFT_VERSION = 5.0;
				TARGETED_DEVICE_FAMILY = "1,2";
			};
			name = Release;
		};
		74D17621290AD39100D0F9DA /* Debug */ = {
			isa = XCBuildConfiguration;
			buildSettings = {
				ALWAYS_EMBED_SWIFT_STANDARD_LIBRARIES = YES;
				BUNDLE_LOADER = "$(TEST_HOST)";
				CODE_SIGN_STYLE = Automatic;
				CURRENT_PROJECT_VERSION = 1;
				DEVELOPMENT_TEAM = 4GU7B3B7LS;
				GENERATE_INFOPLIST_FILE = YES;
				IPHONEOS_DEPLOYMENT_TARGET = 16.0;
				MARKETING_VERSION = 1.0;
				PRODUCT_BUNDLE_IDENTIFIER = com.neatorobotics.Voyager.DemoTests;
				PRODUCT_NAME = "$(TARGET_NAME)";
				SWIFT_EMIT_LOC_STRINGS = NO;
				SWIFT_VERSION = 5.0;
				TARGETED_DEVICE_FAMILY = "1,2";
				TEST_HOST = "$(BUILT_PRODUCTS_DIR)/Demo.app/$(BUNDLE_EXECUTABLE_FOLDER_PATH)/Demo";
			};
			name = Debug;
		};
		74D17622290AD39100D0F9DA /* Release */ = {
			isa = XCBuildConfiguration;
			buildSettings = {
				ALWAYS_EMBED_SWIFT_STANDARD_LIBRARIES = YES;
				BUNDLE_LOADER = "$(TEST_HOST)";
				CODE_SIGN_STYLE = Automatic;
				CURRENT_PROJECT_VERSION = 1;
				DEVELOPMENT_TEAM = 4GU7B3B7LS;
				GENERATE_INFOPLIST_FILE = YES;
				IPHONEOS_DEPLOYMENT_TARGET = 16.0;
				MARKETING_VERSION = 1.0;
				PRODUCT_BUNDLE_IDENTIFIER = com.neatorobotics.Voyager.DemoTests;
				PRODUCT_NAME = "$(TARGET_NAME)";
				SWIFT_EMIT_LOC_STRINGS = NO;
				SWIFT_VERSION = 5.0;
				TARGETED_DEVICE_FAMILY = "1,2";
				TEST_HOST = "$(BUILT_PRODUCTS_DIR)/Demo.app/$(BUNDLE_EXECUTABLE_FOLDER_PATH)/Demo";
			};
			name = Release;
		};
/* End XCBuildConfiguration section */

/* Begin XCConfigurationList section */
		74D175F4290AD39000D0F9DA /* Build configuration list for PBXProject "Demo" */ = {
			isa = XCConfigurationList;
			buildConfigurations = (
				74D1761B290AD39100D0F9DA /* Debug */,
				74D1761C290AD39100D0F9DA /* Release */,
			);
			defaultConfigurationIsVisible = 0;
			defaultConfigurationName = Release;
		};
		74D1761D290AD39100D0F9DA /* Build configuration list for PBXNativeTarget "Demo" */ = {
			isa = XCConfigurationList;
			buildConfigurations = (
				74D1761E290AD39100D0F9DA /* Debug */,
				74D1761F290AD39100D0F9DA /* Release */,
			);
			defaultConfigurationIsVisible = 0;
			defaultConfigurationName = Release;
		};
		74D17620290AD39100D0F9DA /* Build configuration list for PBXNativeTarget "DemoTests" */ = {
			isa = XCConfigurationList;
			buildConfigurations = (
				74D17621290AD39100D0F9DA /* Debug */,
				74D17622290AD39100D0F9DA /* Release */,
			);
			defaultConfigurationIsVisible = 0;
			defaultConfigurationName = Release;
		};
/* End XCConfigurationList section */

/* Begin XCSwiftPackageProductDependency section */
		74D1762D290AD80000D0F9DA /* Voyager */ = {
			isa = XCSwiftPackageProductDependency;
			productName = Voyager;
		};
/* End XCSwiftPackageProductDependency section */
	};
	rootObject = 74D175F1290AD39000D0F9DA /* Project object */;
}
